
Microsoft Visual Studio Solution File, Format Version 12.00
# Visual Studio Version 17
VisualStudioVersion = 17.4.33213.308
MinimumVisualStudioVersion = 10.0.40219.1
Project("{2150E333-8FDC-42A3-9474-1A3956D46DE8}") = "0.1 - Solution Items", "0.1 - Solution Items", "{2C892ACA-6B49-4207-B321-5ADF84460C28}"
	ProjectSection(SolutionItems) = preProject
		.editorconfig = .editorconfig
		Directory.Packages.props = Directory.Packages.props
		README.md = README.md
	EndProjectSection
EndProject
Project("{2150E333-8FDC-42A3-9474-1A3956D46DE8}") = "3.0 - Infrastructure Layer", "3.0 - Infrastructure Layer", "{D037D48D-E16E-4D17-BDAD-30756CCBB998}"
EndProject
Project("{2150E333-8FDC-42A3-9474-1A3956D46DE8}") = "4.0 - Application Layer", "4.0 - Application Layer", "{5B860279-3535-4A66-85CA-E5B8A3EAD587}"
EndProject
Project("{2150E333-8FDC-42A3-9474-1A3956D46DE8}") = "5.0 - Web Layer", "5.0 - Web Layer", "{3FEABFDA-2851-4CC4-B503-F3604438BDAC}"
EndProject
Project("{9A19103F-16F7-4668-BE54-9A1E7A4F7556}") = "Hacienda.WebApi", "src\Hacienda.WebApi\Hacienda.WebApi.csproj", "{136A09E5-F11F-4CAF-9B51-F60BE190E616}"
EndProject
Project("{9A19103F-16F7-4668-BE54-9A1E7A4F7556}") = "Hacienda.WorkerService", "src\Hacienda.WorkerService\Hacienda.WorkerService.csproj", "{C3A7040E-8512-4C44-8490-05E5A8FF98DE}"
EndProject
Project("{9A19103F-16F7-4668-BE54-9A1E7A4F7556}") = "Hacienda.Web", "src\Hacienda.Web\Hacienda.Web.csproj", "{C83000ED-8C5B-4FD5-AB3F-4DDD76A2215A}"
EndProject
Project("{9A19103F-16F7-4668-BE54-9A1E7A4F7556}") = "Hacienda.Shared.Global.Resources", "src\Hacienda.Shared.Global.Resources\Hacienda.Shared.Global.Resources.csproj", "{8535DB12-C4F0-4796-AF7D-D14B8BDBAC3B}"
EndProject
Project("{2150E333-8FDC-42A3-9474-1A3956D46DE8}") = "2.0 - Domain Layer", "2.0 - Domain Layer", "{FBD3F59C-7077-4B50-8CDA-D13184F0E8E2}"
EndProject
Project("{2150E333-8FDC-42A3-9474-1A3956D46DE8}") = "1.0 - Cross cutting Layer", "1.0 - Cross cutting Layer", "{9DE7A2EA-772B-461C-928D-EFBAD7CB6B92}"
EndProject
Project("{9A19103F-16F7-4668-BE54-9A1E7A4F7556}") = "Hacienda.Domain", "src\Hacienda.Domain\Hacienda.Domain.csproj", "{23D27001-8D6B-42D5-BE5C-8A48CF201A98}"
EndProject
Project("{9A19103F-16F7-4668-BE54-9A1E7A4F7556}") = "Hacienda.Domain.Test", "src\Hacienda.Domain.Test\Hacienda.Domain.Test.csproj", "{918A3533-046B-46D4-A595-05D5D86EA8F4}"
EndProject
Project("{9A19103F-16F7-4668-BE54-9A1E7A4F7556}") = "Hacienda.Infrastructure.Test", "src\Hacienda.Infrastructure.Test\Hacienda.Infrastructure.Test.csproj", "{316409CA-A876-44DA-B0E4-C0FDF4FB08A5}"
EndProject
Project("{9A19103F-16F7-4668-BE54-9A1E7A4F7556}") = "Hacienda.Infrastructure", "src\Hacienda.Infrastructure\Hacienda.Infrastructure.csproj", "{C64C4511-7A86-429B-B8F6-4460AC2F62DC}"
EndProject
Project("{9A19103F-16F7-4668-BE54-9A1E7A4F7556}") = "Hacienda.Application.Test", "src\Hacienda.Application.Test\Hacienda.Application.Test.csproj", "{3D349B70-10DD-4CB8-A46F-7B285C9CE7DA}"
EndProject
Project("{9A19103F-16F7-4668-BE54-9A1E7A4F7556}") = "Hacienda.Application", "src\Hacienda.Application\Hacienda.Application.csproj", "{81F6B440-6A52-40A5-A931-0C40B7CF6DC6}"
EndProject
Project("{2150E333-8FDC-42A3-9474-1A3956D46DE8}") = "6.0 - Task Layer", "6.0 - Task Layer", "{115ED63C-3992-4B38-9B2B-22DF9CDA1372}"
EndProject
Project("{2150E333-8FDC-42A3-9474-1A3956D46DE8}") = "Docs", "Docs", "{239E4121-9E38-422B-B9AF-034A0D38BD2F}"
	ProjectSection(SolutionItems) = preProject
		Solution Items\Docs\01.EsquemaGeneral.PNG = Solution Items\Docs\01.EsquemaGeneral.PNG
		Solution Items\Docs\02.EsquemaApp.PNG = Solution Items\Docs\02.EsquemaApp.PNG
		Solution Items\Docs\03.EsquemaDetalleWebApi.PNG = Solution Items\Docs\03.EsquemaDetalleWebApi.PNG
		Solution Items\Docs\04.EsquemaDetalleWorker.PNG = Solution Items\Docs\04.EsquemaDetalleWorker.PNG
		Solution Items\Docs\EsquemaDdd.PNG = Solution Items\Docs\EsquemaDdd.PNG
	EndProjectSection
EndProject
Project("{2150E333-8FDC-42A3-9474-1A3956D46DE8}") = "Sql", "Sql", "{1F7805B7-A212-4C86-AF7D-10AB201C6CCF}"
	ProjectSection(SolutionItems) = preProject
		Solution Items\Sql\01.Create_Schema.sql = Solution Items\Sql\01.Create_Schema.sql
		Solution Items\Sql\02.Create_Data.sql = Solution Items\Sql\02.Create_Data.sql
		Solution Items\Sql\EsquemaBdd.PNG = Solution Items\Sql\EsquemaBdd.PNG
	EndProjectSection
EndProject
Project("{2150E333-8FDC-42A3-9474-1A3956D46DE8}") = "Postman", "Postman", "{A34141C3-704B-41C2-9C16-9B6651390C27}"
	ProjectSection(SolutionItems) = preProject
		Solution Items\Postman\postman_collection.json = Solution Items\Postman\postman_collection.json
		Solution Items\Postman\postman_environment.json = Solution Items\Postman\postman_environment.json
	EndProjectSection
EndProject
Global
	GlobalSection(SolutionConfigurationPlatforms) = preSolution
		Debug|Any CPU = Debug|Any CPU
		Release|Any CPU = Release|Any CPU
	EndGlobalSection
	GlobalSection(ProjectConfigurationPlatforms) = postSolution
		{136A09E5-F11F-4CAF-9B51-F60BE190E616}.Debug|Any CPU.ActiveCfg = Debug|Any CPU
		{136A09E5-F11F-4CAF-9B51-F60BE190E616}.Debug|Any CPU.Build.0 = Debug|Any CPU
		{136A09E5-F11F-4CAF-9B51-F60BE190E616}.Release|Any CPU.ActiveCfg = Release|Any CPU
		{136A09E5-F11F-4CAF-9B51-F60BE190E616}.Release|Any CPU.Build.0 = Release|Any CPU
		{C3A7040E-8512-4C44-8490-05E5A8FF98DE}.Debug|Any CPU.ActiveCfg = Debug|Any CPU
		{C3A7040E-8512-4C44-8490-05E5A8FF98DE}.Debug|Any CPU.Build.0 = Debug|Any CPU
		{C3A7040E-8512-4C44-8490-05E5A8FF98DE}.Release|Any CPU.ActiveCfg = Release|Any CPU
		{C3A7040E-8512-4C44-8490-05E5A8FF98DE}.Release|Any CPU.Build.0 = Release|Any CPU
		{C83000ED-8C5B-4FD5-AB3F-4DDD76A2215A}.Debug|Any CPU.ActiveCfg = Debug|Any CPU
		{C83000ED-8C5B-4FD5-AB3F-4DDD76A2215A}.Debug|Any CPU.Build.0 = Debug|Any CPU
		{C83000ED-8C5B-4FD5-AB3F-4DDD76A2215A}.Release|Any CPU.ActiveCfg = Release|Any CPU
		{C83000ED-8C5B-4FD5-AB3F-4DDD76A2215A}.Release|Any CPU.Build.0 = Release|Any CPU
		{8535DB12-C4F0-4796-AF7D-D14B8BDBAC3B}.Debug|Any CPU.ActiveCfg = Debug|Any CPU
		{8535DB12-C4F0-4796-AF7D-D14B8BDBAC3B}.Debug|Any CPU.Build.0 = Debug|Any CPU
		{8535DB12-C4F0-4796-AF7D-D14B8BDBAC3B}.Release|Any CPU.ActiveCfg = Release|Any CPU
		{8535DB12-C4F0-4796-AF7D-D14B8BDBAC3B}.Release|Any CPU.Build.0 = Release|Any CPU
		{23D27001-8D6B-42D5-BE5C-8A48CF201A98}.Debug|Any CPU.ActiveCfg = Debug|Any CPU
		{23D27001-8D6B-42D5-BE5C-8A48CF201A98}.Debug|Any CPU.Build.0 = Debug|Any CPU
		{23D27001-8D6B-42D5-BE5C-8A48CF201A98}.Release|Any CPU.ActiveCfg = Release|Any CPU
		{23D27001-8D6B-42D5-BE5C-8A48CF201A98}.Release|Any CPU.Build.0 = Release|Any CPU
		{918A3533-046B-46D4-A595-05D5D86EA8F4}.Debug|Any CPU.ActiveCfg = Debug|Any CPU
		{918A3533-046B-46D4-A595-05D5D86EA8F4}.Debug|Any CPU.Build.0 = Debug|Any CPU
		{918A3533-046B-46D4-A595-05D5D86EA8F4}.Release|Any CPU.ActiveCfg = Release|Any CPU
		{918A3533-046B-46D4-A595-05D5D86EA8F4}.Release|Any CPU.Build.0 = Release|Any CPU
		{316409CA-A876-44DA-B0E4-C0FDF4FB08A5}.Debug|Any CPU.ActiveCfg = Debug|Any CPU
		{316409CA-A876-44DA-B0E4-C0FDF4FB08A5}.Debug|Any CPU.Build.0 = Debug|Any CPU
		{316409CA-A876-44DA-B0E4-C0FDF4FB08A5}.Release|Any CPU.ActiveCfg = Release|Any CPU
		{316409CA-A876-44DA-B0E4-C0FDF4FB08A5}.Release|Any CPU.Build.0 = Release|Any CPU
		{C64C4511-7A86-429B-B8F6-4460AC2F62DC}.Debug|Any CPU.ActiveCfg = Debug|Any CPU
		{C64C4511-7A86-429B-B8F6-4460AC2F62DC}.Debug|Any CPU.Build.0 = Debug|Any CPU
		{C64C4511-7A86-429B-B8F6-4460AC2F62DC}.Release|Any CPU.ActiveCfg = Release|Any CPU
		{C64C4511-7A86-429B-B8F6-4460AC2F62DC}.Release|Any CPU.Build.0 = Release|Any CPU
		{3D349B70-10DD-4CB8-A46F-7B285C9CE7DA}.Debug|Any CPU.ActiveCfg = Debug|Any CPU
		{3D349B70-10DD-4CB8-A46F-7B285C9CE7DA}.Debug|Any CPU.Build.0 = Debug|Any CPU
		{3D349B70-10DD-4CB8-A46F-7B285C9CE7DA}.Release|Any CPU.ActiveCfg = Release|Any CPU
		{3D349B70-10DD-4CB8-A46F-7B285C9CE7DA}.Release|Any CPU.Build.0 = Release|Any CPU
		{81F6B440-6A52-40A5-A931-0C40B7CF6DC6}.Debug|Any CPU.ActiveCfg = Debug|Any CPU
		{81F6B440-6A52-40A5-A931-0C40B7CF6DC6}.Debug|Any CPU.Build.0 = Debug|Any CPU
		{81F6B440-6A52-40A5-A931-0C40B7CF6DC6}.Release|Any CPU.ActiveCfg = Release|Any CPU
		{81F6B440-6A52-40A5-A931-0C40B7CF6DC6}.Release|Any CPU.Build.0 = Release|Any CPU
	EndGlobalSection
	GlobalSection(SolutionProperties) = preSolution
		HideSolutionNode = FALSE
	EndGlobalSection
	GlobalSection(NestedProjects) = preSolution
		{136A09E5-F11F-4CAF-9B51-F60BE190E616} = {3FEABFDA-2851-4CC4-B503-F3604438BDAC}
		{C3A7040E-8512-4C44-8490-05E5A8FF98DE} = {115ED63C-3992-4B38-9B2B-22DF9CDA1372}
		{C83000ED-8C5B-4FD5-AB3F-4DDD76A2215A} = {3FEABFDA-2851-4CC4-B503-F3604438BDAC}
		{8535DB12-C4F0-4796-AF7D-D14B8BDBAC3B} = {9DE7A2EA-772B-461C-928D-EFBAD7CB6B92}
		{23D27001-8D6B-42D5-BE5C-8A48CF201A98} = {FBD3F59C-7077-4B50-8CDA-D13184F0E8E2}
		{918A3533-046B-46D4-A595-05D5D86EA8F4} = {FBD3F59C-7077-4B50-8CDA-D13184F0E8E2}
		{316409CA-A876-44DA-B0E4-C0FDF4FB08A5} = {D037D48D-E16E-4D17-BDAD-30756CCBB998}
		{C64C4511-7A86-429B-B8F6-4460AC2F62DC} = {D037D48D-E16E-4D17-BDAD-30756CCBB998}
		{3D349B70-10DD-4CB8-A46F-7B285C9CE7DA} = {5B860279-3535-4A66-85CA-E5B8A3EAD587}
		{81F6B440-6A52-40A5-A931-0C40B7CF6DC6} = {5B860279-3535-4A66-85CA-E5B8A3EAD587}
		{239E4121-9E38-422B-B9AF-034A0D38BD2F} = {2C892ACA-6B49-4207-B321-5ADF84460C28}
		{1F7805B7-A212-4C86-AF7D-10AB201C6CCF} = {2C892ACA-6B49-4207-B321-5ADF84460C28}
		{A34141C3-704B-41C2-9C16-9B6651390C27} = {2C892ACA-6B49-4207-B321-5ADF84460C28}
	EndGlobalSection
	GlobalSection(ExtensibilityGlobals) = postSolution
		SolutionGuid = {57E59C06-82B0-4946-A824-18BA119F263D}
	EndGlobalSection
EndGlobal
