
Microsoft Visual Studio Solution File, Format Version 12.00
# Visual Studio Version 17
VisualStudioVersion = 17.4.33213.308
MinimumVisualStudioVersion = 10.0.40219.1
Project("{2150E333-8FDC-42A3-9474-1A3956D46DE8}") = "0.1 - Solution Items", "0.1 - Solution Items", "{2C892ACA-6B49-4207-B321-5ADF84460C28}"
EndProject
Project("{2150E333-8FDC-42A3-9474-1A3956D46DE8}") = "1.0 - Shared layers", "1.0 - Shared layers", "{1554E71C-FFA1-4E76-84BF-48FC8B0712A5}"
EndProject
Project("{2150E333-8FDC-42A3-9474-1A3956D46DE8}") = "1.1 - Tests", "1.1 - Tests", "{C6C63C08-03D7-48DC-846C-0FF1CE1AD56A}"
EndProject
Project("{2150E333-8FDC-42A3-9474-1A3956D46DE8}") = "2.2 - Database Project", "2.2 - Database Project", "{8A06BC4A-B247-4E49-85E7-0533ECE1A335}"
EndProject
Project("{2150E333-8FDC-42A3-9474-1A3956D46DE8}") = "2.0 - Data Access Layer", "2.0 - Data Access Layer", "{D037D48D-E16E-4D17-BDAD-30756CCBB998}"
EndProject
Project("{2150E333-8FDC-42A3-9474-1A3956D46DE8}") = "3.0 - Business Logic Layer", "3.0 - Business Logic Layer", "{5B860279-3535-4A66-85CA-E5B8A3EAD587}"
EndProject
Project("{2150E333-8FDC-42A3-9474-1A3956D46DE8}") = "4.0 - Distributed Interface Layer", "4.0 - Distributed Interface Layer", "{3FEABFDA-2851-4CC4-B503-F3604438BDAC}"
EndProject
Project("{2150E333-8FDC-42A3-9474-1A3956D46DE8}") = "2.1 - Tests", "2.1 - Tests", "{CDF725EA-26C5-4ED3-9640-9F28897DBF36}"
EndProject
Project("{2150E333-8FDC-42A3-9474-1A3956D46DE8}") = "3.1 - Tests", "3.1 - Tests", "{EB50FDA9-CF98-4AD9-87D9-9F1CAE74E216}"
EndProject
Project("{2150E333-8FDC-42A3-9474-1A3956D46DE8}") = "3.2 - Services", "3.2 - Services", "{4D4E70FC-BBF6-4EBC-BF17-1E920D9DE49D}"
EndProject
Project("{2150E333-8FDC-42A3-9474-1A3956D46DE8}") = "4.1 - Tests", "4.1 - Tests", "{71CC5E22-FE23-4CF6-8CDD-6F62D84D83B1}"
EndProject
Project("{2150E333-8FDC-42A3-9474-1A3956D46DE8}") = "3.3 - Entities", "3.3 - Entities", "{BD4B887B-14CD-42D1-B65D-F102CD234880}"
EndProject
Project("{9A19103F-16F7-4668-BE54-9A1E7A4F7556}") = "Hacienda.WebApi", "Hacienda.WebApi\Hacienda.WebApi.csproj", "{136A09E5-F11F-4CAF-9B51-F60BE190E616}"
EndProject
Project("{2150E333-8FDC-42A3-9474-1A3956D46DE8}") = "1.2 - Infrastructure", "1.2 - Infrastructure", "{6B301EAF-6C96-4518-BAC5-ECD9FBD257C1}"
EndProject
Project("{9A19103F-16F7-4668-BE54-9A1E7A4F7556}") = "Hacienda.WebApi.Test", "Hacienda.WebApi.Test\Hacienda.WebApi.Test.csproj", "{AB3FFFD3-BA35-4365-8651-6B4A7B2947DE}"
EndProject
Project("{9A19103F-16F7-4668-BE54-9A1E7A4F7556}") = "Hacienda.WorkerService", "Hacienda.WorkerService\Hacienda.WorkerService.csproj", "{C3A7040E-8512-4C44-8490-05E5A8FF98DE}"
EndProject
Project("{9A19103F-16F7-4668-BE54-9A1E7A4F7556}") = "Hacienda.Web", "Hacienda.Web\Hacienda.Web.csproj", "{C83000ED-8C5B-4FD5-AB3F-4DDD76A2215A}"
EndProject
Project("{9A19103F-16F7-4668-BE54-9A1E7A4F7556}") = "Hacienda.Shared.Core", "Hacienda.Shared.Core\Hacienda.Shared.Core.csproj", "{50902133-43C9-4386-9410-5D98E325E8E4}"
EndProject
Project("{9A19103F-16F7-4668-BE54-9A1E7A4F7556}") = "Hacienda.Shared.DependencyInjection", "Hacienda.Shared.DependencyInjection\Hacienda.Shared.DependencyInjection.csproj", "{BCB2FBFD-9518-4B38-851E-D433BD5F59E0}"
EndProject
Project("{9A19103F-16F7-4668-BE54-9A1E7A4F7556}") = "Hacienda.Shared.Global.Resources", "Hacienda.Shared.Global.Resources\Hacienda.Shared.Global.Resources.csproj", "{8535DB12-C4F0-4796-AF7D-D14B8BDBAC3B}"
EndProject
Project("{9A19103F-16F7-4668-BE54-9A1E7A4F7556}") = "Hacienda.Dal.Interfaces", "Hacienda.Dal.Interfaces\Hacienda.Dal.Interfaces.csproj", "{DE23F9FB-3593-43EB-A35A-35D293E677A7}"
EndProject
Project("{9A19103F-16F7-4668-BE54-9A1E7A4F7556}") = "Hacienda.Dal.Test", "Hacienda.Dal.Test\Hacienda.Dal.Test.csproj", "{D0B18A57-0DF3-48C0-9C4F-91E3787E15E2}"
EndProject
Project("{9A19103F-16F7-4668-BE54-9A1E7A4F7556}") = "Hacienda.Bll.Entities.Test", "Hacienda.Bll.Entities.Test\Hacienda.Bll.Entities.Test.csproj", "{AB4E4967-9682-4A61-AED8-62DD4239C1C3}"
EndProject
Project("{9A19103F-16F7-4668-BE54-9A1E7A4F7556}") = "Hacienda.Bll.Services.Test", "Hacienda.Bll.Services.Test\Hacienda.Bll.Services.Test.csproj", "{9F71A8A7-B151-4AE8-9F6C-9E7FF82A59A9}"
EndProject
Project("{9A19103F-16F7-4668-BE54-9A1E7A4F7556}") = "Hacienda.Bll.Services.Interfaces", "Hacienda.Bll.Services.Interfaces\Hacienda.Bll.Services.Interfaces.csproj", "{6A10EF01-FB29-46A8-BEA7-0072B2CEA8ED}"
EndProject
Project("{9A19103F-16F7-4668-BE54-9A1E7A4F7556}") = "Hacienda.Bll.Services", "Hacienda.Bll.Services\Hacienda.Bll.Services.csproj", "{A6459AE0-45A3-4AB7-9375-3BE0E7B7D3CD}"
EndProject
Project("{9A19103F-16F7-4668-BE54-9A1E7A4F7556}") = "Hacienda.Dal", "Hacienda.Dal\Hacienda.Dal.csproj", "{38DA3E3A-01B0-40B8-80E4-86F305DBBCF7}"
EndProject
Project("{9A19103F-16F7-4668-BE54-9A1E7A4F7556}") = "Hacienda.Shared.Core.Test", "Hacienda.Shared.Core.Test\Hacienda.Shared.Core.Test.csproj", "{B8B685F5-FBBC-479A-8D93-C88FF76187A1}"
EndProject
Project("{9A19103F-16F7-4668-BE54-9A1E7A4F7556}") = "Hacienda.Bll.Entities", "Hacienda.Bll.Entities\Hacienda.Bll.Entities.csproj", "{DD993AD6-E2AC-4D24-AB5D-3ED151CC0504}"
EndProject
Global
	GlobalSection(SolutionConfigurationPlatforms) = preSolution
		Debug|Any CPU = Debug|Any CPU
		Release|Any CPU = Release|Any CPU
	EndGlobalSection
	GlobalSection(ProjectConfigurationPlatforms) = postSolution
		{136A09E5-F11F-4CAF-9B51-F60BE190E616}.Debug|Any CPU.ActiveCfg = Debug|Any CPU
		{136A09E5-F11F-4CAF-9B51-F60BE190E616}.Debug|Any CPU.Build.0 = Debug|Any CPU
		{136A09E5-F11F-4CAF-9B51-F60BE190E616}.Release|Any CPU.ActiveCfg = Release|Any CPU
		{136A09E5-F11F-4CAF-9B51-F60BE190E616}.Release|Any CPU.Build.0 = Release|Any CPU
		{AB3FFFD3-BA35-4365-8651-6B4A7B2947DE}.Debug|Any CPU.ActiveCfg = Debug|Any CPU
		{AB3FFFD3-BA35-4365-8651-6B4A7B2947DE}.Debug|Any CPU.Build.0 = Debug|Any CPU
		{AB3FFFD3-BA35-4365-8651-6B4A7B2947DE}.Release|Any CPU.ActiveCfg = Release|Any CPU
		{AB3FFFD3-BA35-4365-8651-6B4A7B2947DE}.Release|Any CPU.Build.0 = Release|Any CPU
		{C3A7040E-8512-4C44-8490-05E5A8FF98DE}.Debug|Any CPU.ActiveCfg = Debug|Any CPU
		{C3A7040E-8512-4C44-8490-05E5A8FF98DE}.Debug|Any CPU.Build.0 = Debug|Any CPU
		{C3A7040E-8512-4C44-8490-05E5A8FF98DE}.Release|Any CPU.ActiveCfg = Release|Any CPU
		{C3A7040E-8512-4C44-8490-05E5A8FF98DE}.Release|Any CPU.Build.0 = Release|Any CPU
		{C83000ED-8C5B-4FD5-AB3F-4DDD76A2215A}.Debug|Any CPU.ActiveCfg = Debug|Any CPU
		{C83000ED-8C5B-4FD5-AB3F-4DDD76A2215A}.Debug|Any CPU.Build.0 = Debug|Any CPU
		{C83000ED-8C5B-4FD5-AB3F-4DDD76A2215A}.Release|Any CPU.ActiveCfg = Release|Any CPU
		{C83000ED-8C5B-4FD5-AB3F-4DDD76A2215A}.Release|Any CPU.Build.0 = Release|Any CPU
		{50902133-43C9-4386-9410-5D98E325E8E4}.Debug|Any CPU.ActiveCfg = Debug|Any CPU
		{50902133-43C9-4386-9410-5D98E325E8E4}.Debug|Any CPU.Build.0 = Debug|Any CPU
		{50902133-43C9-4386-9410-5D98E325E8E4}.Release|Any CPU.ActiveCfg = Release|Any CPU
		{50902133-43C9-4386-9410-5D98E325E8E4}.Release|Any CPU.Build.0 = Release|Any CPU
		{BCB2FBFD-9518-4B38-851E-D433BD5F59E0}.Debug|Any CPU.ActiveCfg = Debug|Any CPU
		{BCB2FBFD-9518-4B38-851E-D433BD5F59E0}.Debug|Any CPU.Build.0 = Debug|Any CPU
		{BCB2FBFD-9518-4B38-851E-D433BD5F59E0}.Release|Any CPU.ActiveCfg = Release|Any CPU
		{BCB2FBFD-9518-4B38-851E-D433BD5F59E0}.Release|Any CPU.Build.0 = Release|Any CPU
		{8535DB12-C4F0-4796-AF7D-D14B8BDBAC3B}.Debug|Any CPU.ActiveCfg = Debug|Any CPU
		{8535DB12-C4F0-4796-AF7D-D14B8BDBAC3B}.Debug|Any CPU.Build.0 = Debug|Any CPU
		{8535DB12-C4F0-4796-AF7D-D14B8BDBAC3B}.Release|Any CPU.ActiveCfg = Release|Any CPU
		{8535DB12-C4F0-4796-AF7D-D14B8BDBAC3B}.Release|Any CPU.Build.0 = Release|Any CPU
		{DE23F9FB-3593-43EB-A35A-35D293E677A7}.Debug|Any CPU.ActiveCfg = Debug|Any CPU
		{DE23F9FB-3593-43EB-A35A-35D293E677A7}.Debug|Any CPU.Build.0 = Debug|Any CPU
		{DE23F9FB-3593-43EB-A35A-35D293E677A7}.Release|Any CPU.ActiveCfg = Release|Any CPU
		{DE23F9FB-3593-43EB-A35A-35D293E677A7}.Release|Any CPU.Build.0 = Release|Any CPU
		{D0B18A57-0DF3-48C0-9C4F-91E3787E15E2}.Debug|Any CPU.ActiveCfg = Debug|Any CPU
		{D0B18A57-0DF3-48C0-9C4F-91E3787E15E2}.Debug|Any CPU.Build.0 = Debug|Any CPU
		{D0B18A57-0DF3-48C0-9C4F-91E3787E15E2}.Release|Any CPU.ActiveCfg = Release|Any CPU
		{D0B18A57-0DF3-48C0-9C4F-91E3787E15E2}.Release|Any CPU.Build.0 = Release|Any CPU
		{AB4E4967-9682-4A61-AED8-62DD4239C1C3}.Debug|Any CPU.ActiveCfg = Debug|Any CPU
		{AB4E4967-9682-4A61-AED8-62DD4239C1C3}.Debug|Any CPU.Build.0 = Debug|Any CPU
		{AB4E4967-9682-4A61-AED8-62DD4239C1C3}.Release|Any CPU.ActiveCfg = Release|Any CPU
		{AB4E4967-9682-4A61-AED8-62DD4239C1C3}.Release|Any CPU.Build.0 = Release|Any CPU
		{9F71A8A7-B151-4AE8-9F6C-9E7FF82A59A9}.Debug|Any CPU.ActiveCfg = Debug|Any CPU
		{9F71A8A7-B151-4AE8-9F6C-9E7FF82A59A9}.Debug|Any CPU.Build.0 = Debug|Any CPU
		{9F71A8A7-B151-4AE8-9F6C-9E7FF82A59A9}.Release|Any CPU.ActiveCfg = Release|Any CPU
		{9F71A8A7-B151-4AE8-9F6C-9E7FF82A59A9}.Release|Any CPU.Build.0 = Release|Any CPU
		{6A10EF01-FB29-46A8-BEA7-0072B2CEA8ED}.Debug|Any CPU.ActiveCfg = Debug|Any CPU
		{6A10EF01-FB29-46A8-BEA7-0072B2CEA8ED}.Debug|Any CPU.Build.0 = Debug|Any CPU
		{6A10EF01-FB29-46A8-BEA7-0072B2CEA8ED}.Release|Any CPU.ActiveCfg = Release|Any CPU
		{6A10EF01-FB29-46A8-BEA7-0072B2CEA8ED}.Release|Any CPU.Build.0 = Release|Any CPU
		{A6459AE0-45A3-4AB7-9375-3BE0E7B7D3CD}.Debug|Any CPU.ActiveCfg = Debug|Any CPU
		{A6459AE0-45A3-4AB7-9375-3BE0E7B7D3CD}.Debug|Any CPU.Build.0 = Debug|Any CPU
		{A6459AE0-45A3-4AB7-9375-3BE0E7B7D3CD}.Release|Any CPU.ActiveCfg = Release|Any CPU
		{A6459AE0-45A3-4AB7-9375-3BE0E7B7D3CD}.Release|Any CPU.Build.0 = Release|Any CPU
		{38DA3E3A-01B0-40B8-80E4-86F305DBBCF7}.Debug|Any CPU.ActiveCfg = Debug|Any CPU
		{38DA3E3A-01B0-40B8-80E4-86F305DBBCF7}.Debug|Any CPU.Build.0 = Debug|Any CPU
		{38DA3E3A-01B0-40B8-80E4-86F305DBBCF7}.Release|Any CPU.ActiveCfg = Release|Any CPU
		{38DA3E3A-01B0-40B8-80E4-86F305DBBCF7}.Release|Any CPU.Build.0 = Release|Any CPU
		{B8B685F5-FBBC-479A-8D93-C88FF76187A1}.Debug|Any CPU.ActiveCfg = Debug|Any CPU
		{B8B685F5-FBBC-479A-8D93-C88FF76187A1}.Debug|Any CPU.Build.0 = Debug|Any CPU
		{B8B685F5-FBBC-479A-8D93-C88FF76187A1}.Release|Any CPU.ActiveCfg = Release|Any CPU
		{B8B685F5-FBBC-479A-8D93-C88FF76187A1}.Release|Any CPU.Build.0 = Release|Any CPU
		{DD993AD6-E2AC-4D24-AB5D-3ED151CC0504}.Debug|Any CPU.ActiveCfg = Debug|Any CPU
		{DD993AD6-E2AC-4D24-AB5D-3ED151CC0504}.Debug|Any CPU.Build.0 = Debug|Any CPU
		{DD993AD6-E2AC-4D24-AB5D-3ED151CC0504}.Release|Any CPU.ActiveCfg = Release|Any CPU
		{DD993AD6-E2AC-4D24-AB5D-3ED151CC0504}.Release|Any CPU.Build.0 = Release|Any CPU
	EndGlobalSection
	GlobalSection(SolutionProperties) = preSolution
		HideSolutionNode = FALSE
	EndGlobalSection
	GlobalSection(NestedProjects) = preSolution
		{C6C63C08-03D7-48DC-846C-0FF1CE1AD56A} = {1554E71C-FFA1-4E76-84BF-48FC8B0712A5}
		{8A06BC4A-B247-4E49-85E7-0533ECE1A335} = {D037D48D-E16E-4D17-BDAD-30756CCBB998}
		{CDF725EA-26C5-4ED3-9640-9F28897DBF36} = {D037D48D-E16E-4D17-BDAD-30756CCBB998}
		{EB50FDA9-CF98-4AD9-87D9-9F1CAE74E216} = {5B860279-3535-4A66-85CA-E5B8A3EAD587}
		{4D4E70FC-BBF6-4EBC-BF17-1E920D9DE49D} = {5B860279-3535-4A66-85CA-E5B8A3EAD587}
		{71CC5E22-FE23-4CF6-8CDD-6F62D84D83B1} = {3FEABFDA-2851-4CC4-B503-F3604438BDAC}
		{BD4B887B-14CD-42D1-B65D-F102CD234880} = {5B860279-3535-4A66-85CA-E5B8A3EAD587}
		{136A09E5-F11F-4CAF-9B51-F60BE190E616} = {3FEABFDA-2851-4CC4-B503-F3604438BDAC}
		{6B301EAF-6C96-4518-BAC5-ECD9FBD257C1} = {1554E71C-FFA1-4E76-84BF-48FC8B0712A5}
		{AB3FFFD3-BA35-4365-8651-6B4A7B2947DE} = {71CC5E22-FE23-4CF6-8CDD-6F62D84D83B1}
		{C3A7040E-8512-4C44-8490-05E5A8FF98DE} = {3FEABFDA-2851-4CC4-B503-F3604438BDAC}
		{C83000ED-8C5B-4FD5-AB3F-4DDD76A2215A} = {3FEABFDA-2851-4CC4-B503-F3604438BDAC}
		{50902133-43C9-4386-9410-5D98E325E8E4} = {6B301EAF-6C96-4518-BAC5-ECD9FBD257C1}
		{BCB2FBFD-9518-4B38-851E-D433BD5F59E0} = {6B301EAF-6C96-4518-BAC5-ECD9FBD257C1}
		{8535DB12-C4F0-4796-AF7D-D14B8BDBAC3B} = {6B301EAF-6C96-4518-BAC5-ECD9FBD257C1}
		{DE23F9FB-3593-43EB-A35A-35D293E677A7} = {D037D48D-E16E-4D17-BDAD-30756CCBB998}
		{D0B18A57-0DF3-48C0-9C4F-91E3787E15E2} = {CDF725EA-26C5-4ED3-9640-9F28897DBF36}
		{AB4E4967-9682-4A61-AED8-62DD4239C1C3} = {EB50FDA9-CF98-4AD9-87D9-9F1CAE74E216}
		{9F71A8A7-B151-4AE8-9F6C-9E7FF82A59A9} = {EB50FDA9-CF98-4AD9-87D9-9F1CAE74E216}
		{6A10EF01-FB29-46A8-BEA7-0072B2CEA8ED} = {4D4E70FC-BBF6-4EBC-BF17-1E920D9DE49D}
		{A6459AE0-45A3-4AB7-9375-3BE0E7B7D3CD} = {4D4E70FC-BBF6-4EBC-BF17-1E920D9DE49D}
		{38DA3E3A-01B0-40B8-80E4-86F305DBBCF7} = {D037D48D-E16E-4D17-BDAD-30756CCBB998}
		{B8B685F5-FBBC-479A-8D93-C88FF76187A1} = {C6C63C08-03D7-48DC-846C-0FF1CE1AD56A}
		{DD993AD6-E2AC-4D24-AB5D-3ED151CC0504} = {BD4B887B-14CD-42D1-B65D-F102CD234880}
	EndGlobalSection
	GlobalSection(ExtensibilityGlobals) = postSolution
		SolutionGuid = {57E59C06-82B0-4946-A824-18BA119F263D}
	EndGlobalSection
EndGlobal
