
Microsoft Visual Studio Solution File, Format Version 12.00
# Visual Studio Version 17
VisualStudioVersion = 17.4.33213.308
MinimumVisualStudioVersion = 10.0.40219.1
Project("{2150E333-8FDC-42A3-9474-1A3956D46DE8}") = "0.1 - Solution Items", "0.1 - Solution Items", "{2C892ACA-6B49-4207-B321-5ADF84460C28}"
EndProject
Project("{2150E333-8FDC-42A3-9474-1A3956D46DE8}") = "1.0 - Infrastructure (Cross-Cutting)", "1.0 - Infrastructure (Cross-Cutting)", "{1554E71C-FFA1-4E76-84BF-48FC8B0712A5}"
EndProject
Project("{2150E333-8FDC-42A3-9474-1A3956D46DE8}") = "1.1 - Tests", "1.1 - Tests", "{C6C63C08-03D7-48DC-846C-0FF1CE1AD56A}"
EndProject
Project("{2150E333-8FDC-42A3-9474-1A3956D46DE8}") = "2.4 - Database Project", "2.4 - Database Project", "{8A06BC4A-B247-4E49-85E7-0533ECE1A335}"
EndProject
Project("{2150E333-8FDC-42A3-9474-1A3956D46DE8}") = "2.0 - Data Access Layer (Infrastructure Layer)", "2.0 - Data Access Layer (Infrastructure Layer)", "{D037D48D-E16E-4D17-BDAD-30756CCBB998}"
EndProject
Project("{2150E333-8FDC-42A3-9474-1A3956D46DE8}") = "3.0 - Business Logic Layer (Domain Layer)", "3.0 - Business Logic Layer (Domain Layer)", "{5B860279-3535-4A66-85CA-E5B8A3EAD587}"
EndProject
Project("{2150E333-8FDC-42A3-9474-1A3956D46DE8}") = "4.0 - Distributed Interface Layer", "4.0 - Distributed Interface Layer", "{3FEABFDA-2851-4CC4-B503-F3604438BDAC}"
EndProject
Project("{2150E333-8FDC-42A3-9474-1A3956D46DE8}") = "2.2 - Repositories", "2.2 - Repositories", "{49617C8A-8323-42EE-9613-4B609DF448E9}"
EndProject
Project("{2150E333-8FDC-42A3-9474-1A3956D46DE8}") = "2.1 - Tests", "2.1 - Tests", "{CDF725EA-26C5-4ED3-9640-9F28897DBF36}"
EndProject
Project("{2150E333-8FDC-42A3-9474-1A3956D46DE8}") = "3.1 - Tests", "3.1 - Tests", "{EB50FDA9-CF98-4AD9-87D9-9F1CAE74E216}"
EndProject
Project("{2150E333-8FDC-42A3-9474-1A3956D46DE8}") = "3.2 - Services", "3.2 - Services", "{4D4E70FC-BBF6-4EBC-BF17-1E920D9DE49D}"
EndProject
Project("{2150E333-8FDC-42A3-9474-1A3956D46DE8}") = "4.1 - Tests", "4.1 - Tests", "{71CC5E22-FE23-4CF6-8CDD-6F62D84D83B1}"
EndProject
Project("{2150E333-8FDC-42A3-9474-1A3956D46DE8}") = "3.3 - Entities", "3.3 - Entities", "{BD4B887B-14CD-42D1-B65D-F102CD234880}"
EndProject
Project("{9A19103F-16F7-4668-BE54-9A1E7A4F7556}") = "Htn.Arq.Base.Bll.Services", "Htn.Arq.Base.Bll.Services\Htn.Arq.Base.Bll.Services.csproj", "{76AB89CD-2457-43E3-A5C6-3F4BC2ACCDC0}"
EndProject
Project("{9A19103F-16F7-4668-BE54-9A1E7A4F7556}") = "Htn.Arq.Base.Bll.Entities", "Htn.Arq.Base.Bll.Entities\Htn.Arq.Base.Bll.Entities.csproj", "{E5728504-FDDD-42D1-AECD-0067AA6B1660}"
EndProject
Project("{9A19103F-16F7-4668-BE54-9A1E7A4F7556}") = "Htn.Arq.Base.WebApi", "Htn.Arq.Base.WebApi\Htn.Arq.Base.WebApi.csproj", "{136A09E5-F11F-4CAF-9B51-F60BE190E616}"
EndProject
Project("{9A19103F-16F7-4668-BE54-9A1E7A4F7556}") = "Htn.Arq.Base.Bll.Services.Interfaces", "Htn.Arq.Base.Bll.Services.Interfaces\Htn.Arq.Base.Bll.Services.Interfaces.csproj", "{696F5809-C3E1-4DDE-9399-81C20CD08F13}"
EndProject
Project("{9A19103F-16F7-4668-BE54-9A1E7A4F7556}") = "Htn.Arq.Base.Dal.Repositories", "Htn.Arq.Base.Dal.Repositories\Htn.Arq.Base.Dal.Repositories.csproj", "{3863872C-173B-4FF7-9719-B685CC628FF4}"
EndProject
Project("{9A19103F-16F7-4668-BE54-9A1E7A4F7556}") = "Htn.Arq.Base.Dal.Repositories.Interfaces", "Htn.Arq.Base.Dal.Repositories.Interfaces\Htn.Arq.Base.Dal.Repositories.Interfaces.csproj", "{B50C6B02-CDB0-49F4-B558-19642CD7042B}"
EndProject
Project("{2150E333-8FDC-42A3-9474-1A3956D46DE8}") = "1.2 - Infrastructure", "1.2 - Infrastructure", "{6B301EAF-6C96-4518-BAC5-ECD9FBD257C1}"
EndProject
Project("{9A19103F-16F7-4668-BE54-9A1E7A4F7556}") = "Htn.Infrastructure.Core", "Htn.Infrastructure.Core\Htn.Infrastructure.Core.csproj", "{6E957EA0-7A57-48BC-9A62-CB2CBAD13994}"
EndProject
Project("{9A19103F-16F7-4668-BE54-9A1E7A4F7556}") = "Htn.Arq.Base.Bll.Services.Test", "Htn.Arq.Base.Bll.Services.Test\Htn.Arq.Base.Bll.Services.Test.csproj", "{6238AD4F-4674-47B5-82B7-8608A6D8BEC8}"
EndProject
Project("{2150E333-8FDC-42A3-9474-1A3956D46DE8}") = "2.3 - External Adapters", "2.3 - External Adapters", "{9E75F140-5FDD-4BAF-9BD2-DCC696DC95B0}"
EndProject
Project("{9A19103F-16F7-4668-BE54-9A1E7A4F7556}") = "Htn.Arq.Base.Dal.Adapters", "Htn.Arq.Base.Dal.Adapters\Htn.Arq.Base.Dal.Adapters.csproj", "{4B40CC1C-A1E6-4384-94B7-C5852F029E37}"
EndProject
Project("{9A19103F-16F7-4668-BE54-9A1E7A4F7556}") = "Htn.Arq.Base.Dal.Adapters.Interfaces", "Htn.Arq.Base.Dal.Adapters.Interfaces\Htn.Arq.Base.Dal.Adapters.Interfaces.csproj", "{9F350FB9-31C4-491B-953F-B6E841E8F5A3}"
EndProject
Project("{9A19103F-16F7-4668-BE54-9A1E7A4F7556}") = "Htn.Arq.Base.Dal.Repositories.Test", "Htn.Arq.Base.Dal.Repositories.Test\Htn.Arq.Base.Dal.Repositories.Test.csproj", "{A6DFBF3D-0AD6-47F9-AB2E-0757E039CF09}"
EndProject
Project("{9A19103F-16F7-4668-BE54-9A1E7A4F7556}") = "Htn.Arq.Base.Dal.Adapters.Test", "Htn.Arq.Base.Dal.Adapters.Test\Htn.Arq.Base.Dal.Adapters.Test.csproj", "{C170F5A0-0425-48DF-8A49-1787A0FA1F69}"
EndProject
Project("{9A19103F-16F7-4668-BE54-9A1E7A4F7556}") = "Htn.Infrastructure.Di", "Htn.Infrastructure.Di\Htn.Infrastructure.Di.csproj", "{F87511E4-9275-4D0D-B605-2FCD968A5B0B}"
EndProject
Project("{9A19103F-16F7-4668-BE54-9A1E7A4F7556}") = "Htn.Infrastructure.Core.Test", "Htn.Infrastructure.Core.Test\Htn.Infrastructure.Core.Test.csproj", "{E68C3075-7683-49E2-A0D0-72FC283DDA11}"
EndProject
Project("{9A19103F-16F7-4668-BE54-9A1E7A4F7556}") = "Htn.Infrastructure.Global.Resources", "Htn.Infrastructure.Global.Resources\Htn.Infrastructure.Global.Resources.csproj", "{3CE7C2C5-0831-48EF-BAEB-C38274B95678}"
EndProject
Project("{9A19103F-16F7-4668-BE54-9A1E7A4F7556}") = "Htn.Arq.Base.Bll.Entities.Test", "Htn.Arq.Base.Bll.Entities.Test\Htn.Arq.Base.Bll.Entities.Test.csproj", "{F95BD8CF-787F-4814-BBDB-282F0452DA70}"
EndProject
Project("{9A19103F-16F7-4668-BE54-9A1E7A4F7556}") = "Htn.Arq.Base.WebApi.Test", "Htn.Arq.Base.WebApi.Test\Htn.Arq.Base.WebApi.Test.csproj", "{AB3FFFD3-BA35-4365-8651-6B4A7B2947DE}"
EndProject
Project("{2150E333-8FDC-42A3-9474-1A3956D46DE8}") = "5.0 - Background Tasks", "5.0 - Background Tasks", "{7251A63A-B222-4331-A3A6-26417A081DA6}"
EndProject
Project("{2150E333-8FDC-42A3-9474-1A3956D46DE8}") = "5.1 - Tests", "5.1 - Tests", "{3516FABC-2653-4671-A258-4F1A80DBD6F0}"
EndProject
Project("{FAE04EC0-301F-11D3-BF4B-00C04F79EFBC}") = "Htn.Arq.Base.WorkerService", "Htn.Arq.Base.WorkerService\Htn.Arq.Base.WorkerService.csproj", "{C3A7040E-8512-4C44-8490-05E5A8FF98DE}"
EndProject
Global
	GlobalSection(SolutionConfigurationPlatforms) = preSolution
		Debug|Any CPU = Debug|Any CPU
		Release|Any CPU = Release|Any CPU
	EndGlobalSection
	GlobalSection(ProjectConfigurationPlatforms) = postSolution
		{76AB89CD-2457-43E3-A5C6-3F4BC2ACCDC0}.Debug|Any CPU.ActiveCfg = Debug|Any CPU
		{76AB89CD-2457-43E3-A5C6-3F4BC2ACCDC0}.Debug|Any CPU.Build.0 = Debug|Any CPU
		{76AB89CD-2457-43E3-A5C6-3F4BC2ACCDC0}.Release|Any CPU.ActiveCfg = Release|Any CPU
		{76AB89CD-2457-43E3-A5C6-3F4BC2ACCDC0}.Release|Any CPU.Build.0 = Release|Any CPU
		{E5728504-FDDD-42D1-AECD-0067AA6B1660}.Debug|Any CPU.ActiveCfg = Debug|Any CPU
		{E5728504-FDDD-42D1-AECD-0067AA6B1660}.Debug|Any CPU.Build.0 = Debug|Any CPU
		{E5728504-FDDD-42D1-AECD-0067AA6B1660}.Release|Any CPU.ActiveCfg = Release|Any CPU
		{E5728504-FDDD-42D1-AECD-0067AA6B1660}.Release|Any CPU.Build.0 = Release|Any CPU
		{136A09E5-F11F-4CAF-9B51-F60BE190E616}.Debug|Any CPU.ActiveCfg = Debug|Any CPU
		{136A09E5-F11F-4CAF-9B51-F60BE190E616}.Debug|Any CPU.Build.0 = Debug|Any CPU
		{136A09E5-F11F-4CAF-9B51-F60BE190E616}.Release|Any CPU.ActiveCfg = Release|Any CPU
		{136A09E5-F11F-4CAF-9B51-F60BE190E616}.Release|Any CPU.Build.0 = Release|Any CPU
		{696F5809-C3E1-4DDE-9399-81C20CD08F13}.Debug|Any CPU.ActiveCfg = Debug|Any CPU
		{696F5809-C3E1-4DDE-9399-81C20CD08F13}.Debug|Any CPU.Build.0 = Debug|Any CPU
		{696F5809-C3E1-4DDE-9399-81C20CD08F13}.Release|Any CPU.ActiveCfg = Release|Any CPU
		{696F5809-C3E1-4DDE-9399-81C20CD08F13}.Release|Any CPU.Build.0 = Release|Any CPU
		{3863872C-173B-4FF7-9719-B685CC628FF4}.Debug|Any CPU.ActiveCfg = Debug|Any CPU
		{3863872C-173B-4FF7-9719-B685CC628FF4}.Debug|Any CPU.Build.0 = Debug|Any CPU
		{3863872C-173B-4FF7-9719-B685CC628FF4}.Release|Any CPU.ActiveCfg = Release|Any CPU
		{3863872C-173B-4FF7-9719-B685CC628FF4}.Release|Any CPU.Build.0 = Release|Any CPU
		{B50C6B02-CDB0-49F4-B558-19642CD7042B}.Debug|Any CPU.ActiveCfg = Debug|Any CPU
		{B50C6B02-CDB0-49F4-B558-19642CD7042B}.Debug|Any CPU.Build.0 = Debug|Any CPU
		{B50C6B02-CDB0-49F4-B558-19642CD7042B}.Release|Any CPU.ActiveCfg = Release|Any CPU
		{B50C6B02-CDB0-49F4-B558-19642CD7042B}.Release|Any CPU.Build.0 = Release|Any CPU
		{6E957EA0-7A57-48BC-9A62-CB2CBAD13994}.Debug|Any CPU.ActiveCfg = Debug|Any CPU
		{6E957EA0-7A57-48BC-9A62-CB2CBAD13994}.Debug|Any CPU.Build.0 = Debug|Any CPU
		{6E957EA0-7A57-48BC-9A62-CB2CBAD13994}.Release|Any CPU.ActiveCfg = Release|Any CPU
		{6E957EA0-7A57-48BC-9A62-CB2CBAD13994}.Release|Any CPU.Build.0 = Release|Any CPU
		{6238AD4F-4674-47B5-82B7-8608A6D8BEC8}.Debug|Any CPU.ActiveCfg = Debug|Any CPU
		{6238AD4F-4674-47B5-82B7-8608A6D8BEC8}.Debug|Any CPU.Build.0 = Debug|Any CPU
		{6238AD4F-4674-47B5-82B7-8608A6D8BEC8}.Release|Any CPU.ActiveCfg = Release|Any CPU
		{6238AD4F-4674-47B5-82B7-8608A6D8BEC8}.Release|Any CPU.Build.0 = Release|Any CPU
		{4B40CC1C-A1E6-4384-94B7-C5852F029E37}.Debug|Any CPU.ActiveCfg = Debug|Any CPU
		{4B40CC1C-A1E6-4384-94B7-C5852F029E37}.Debug|Any CPU.Build.0 = Debug|Any CPU
		{4B40CC1C-A1E6-4384-94B7-C5852F029E37}.Release|Any CPU.ActiveCfg = Release|Any CPU
		{4B40CC1C-A1E6-4384-94B7-C5852F029E37}.Release|Any CPU.Build.0 = Release|Any CPU
		{9F350FB9-31C4-491B-953F-B6E841E8F5A3}.Debug|Any CPU.ActiveCfg = Debug|Any CPU
		{9F350FB9-31C4-491B-953F-B6E841E8F5A3}.Debug|Any CPU.Build.0 = Debug|Any CPU
		{9F350FB9-31C4-491B-953F-B6E841E8F5A3}.Release|Any CPU.ActiveCfg = Release|Any CPU
		{9F350FB9-31C4-491B-953F-B6E841E8F5A3}.Release|Any CPU.Build.0 = Release|Any CPU
		{A6DFBF3D-0AD6-47F9-AB2E-0757E039CF09}.Debug|Any CPU.ActiveCfg = Debug|Any CPU
		{A6DFBF3D-0AD6-47F9-AB2E-0757E039CF09}.Debug|Any CPU.Build.0 = Debug|Any CPU
		{A6DFBF3D-0AD6-47F9-AB2E-0757E039CF09}.Release|Any CPU.ActiveCfg = Release|Any CPU
		{A6DFBF3D-0AD6-47F9-AB2E-0757E039CF09}.Release|Any CPU.Build.0 = Release|Any CPU
		{C170F5A0-0425-48DF-8A49-1787A0FA1F69}.Debug|Any CPU.ActiveCfg = Debug|Any CPU
		{C170F5A0-0425-48DF-8A49-1787A0FA1F69}.Debug|Any CPU.Build.0 = Debug|Any CPU
		{C170F5A0-0425-48DF-8A49-1787A0FA1F69}.Release|Any CPU.ActiveCfg = Release|Any CPU
		{C170F5A0-0425-48DF-8A49-1787A0FA1F69}.Release|Any CPU.Build.0 = Release|Any CPU
		{F87511E4-9275-4D0D-B605-2FCD968A5B0B}.Debug|Any CPU.ActiveCfg = Debug|Any CPU
		{F87511E4-9275-4D0D-B605-2FCD968A5B0B}.Debug|Any CPU.Build.0 = Debug|Any CPU
		{F87511E4-9275-4D0D-B605-2FCD968A5B0B}.Release|Any CPU.ActiveCfg = Release|Any CPU
		{F87511E4-9275-4D0D-B605-2FCD968A5B0B}.Release|Any CPU.Build.0 = Release|Any CPU
		{E68C3075-7683-49E2-A0D0-72FC283DDA11}.Debug|Any CPU.ActiveCfg = Debug|Any CPU
		{E68C3075-7683-49E2-A0D0-72FC283DDA11}.Debug|Any CPU.Build.0 = Debug|Any CPU
		{E68C3075-7683-49E2-A0D0-72FC283DDA11}.Release|Any CPU.ActiveCfg = Release|Any CPU
		{E68C3075-7683-49E2-A0D0-72FC283DDA11}.Release|Any CPU.Build.0 = Release|Any CPU
		{3CE7C2C5-0831-48EF-BAEB-C38274B95678}.Debug|Any CPU.ActiveCfg = Debug|Any CPU
		{3CE7C2C5-0831-48EF-BAEB-C38274B95678}.Debug|Any CPU.Build.0 = Debug|Any CPU
		{3CE7C2C5-0831-48EF-BAEB-C38274B95678}.Release|Any CPU.ActiveCfg = Release|Any CPU
		{3CE7C2C5-0831-48EF-BAEB-C38274B95678}.Release|Any CPU.Build.0 = Release|Any CPU
		{F95BD8CF-787F-4814-BBDB-282F0452DA70}.Debug|Any CPU.ActiveCfg = Debug|Any CPU
		{F95BD8CF-787F-4814-BBDB-282F0452DA70}.Debug|Any CPU.Build.0 = Debug|Any CPU
		{F95BD8CF-787F-4814-BBDB-282F0452DA70}.Release|Any CPU.ActiveCfg = Release|Any CPU
		{F95BD8CF-787F-4814-BBDB-282F0452DA70}.Release|Any CPU.Build.0 = Release|Any CPU
		{AB3FFFD3-BA35-4365-8651-6B4A7B2947DE}.Debug|Any CPU.ActiveCfg = Debug|Any CPU
		{AB3FFFD3-BA35-4365-8651-6B4A7B2947DE}.Debug|Any CPU.Build.0 = Debug|Any CPU
		{AB3FFFD3-BA35-4365-8651-6B4A7B2947DE}.Release|Any CPU.ActiveCfg = Release|Any CPU
		{AB3FFFD3-BA35-4365-8651-6B4A7B2947DE}.Release|Any CPU.Build.0 = Release|Any CPU
		{C3A7040E-8512-4C44-8490-05E5A8FF98DE}.Debug|Any CPU.ActiveCfg = Debug|Any CPU
		{C3A7040E-8512-4C44-8490-05E5A8FF98DE}.Debug|Any CPU.Build.0 = Debug|Any CPU
		{C3A7040E-8512-4C44-8490-05E5A8FF98DE}.Release|Any CPU.ActiveCfg = Release|Any CPU
		{C3A7040E-8512-4C44-8490-05E5A8FF98DE}.Release|Any CPU.Build.0 = Release|Any CPU
	EndGlobalSection
	GlobalSection(SolutionProperties) = preSolution
		HideSolutionNode = FALSE
	EndGlobalSection
	GlobalSection(NestedProjects) = preSolution
		{C6C63C08-03D7-48DC-846C-0FF1CE1AD56A} = {1554E71C-FFA1-4E76-84BF-48FC8B0712A5}
		{8A06BC4A-B247-4E49-85E7-0533ECE1A335} = {D037D48D-E16E-4D17-BDAD-30756CCBB998}
		{49617C8A-8323-42EE-9613-4B609DF448E9} = {D037D48D-E16E-4D17-BDAD-30756CCBB998}
		{CDF725EA-26C5-4ED3-9640-9F28897DBF36} = {D037D48D-E16E-4D17-BDAD-30756CCBB998}
		{EB50FDA9-CF98-4AD9-87D9-9F1CAE74E216} = {5B860279-3535-4A66-85CA-E5B8A3EAD587}
		{4D4E70FC-BBF6-4EBC-BF17-1E920D9DE49D} = {5B860279-3535-4A66-85CA-E5B8A3EAD587}
		{71CC5E22-FE23-4CF6-8CDD-6F62D84D83B1} = {3FEABFDA-2851-4CC4-B503-F3604438BDAC}
		{BD4B887B-14CD-42D1-B65D-F102CD234880} = {5B860279-3535-4A66-85CA-E5B8A3EAD587}
		{76AB89CD-2457-43E3-A5C6-3F4BC2ACCDC0} = {4D4E70FC-BBF6-4EBC-BF17-1E920D9DE49D}
		{E5728504-FDDD-42D1-AECD-0067AA6B1660} = {BD4B887B-14CD-42D1-B65D-F102CD234880}
		{136A09E5-F11F-4CAF-9B51-F60BE190E616} = {3FEABFDA-2851-4CC4-B503-F3604438BDAC}
		{696F5809-C3E1-4DDE-9399-81C20CD08F13} = {4D4E70FC-BBF6-4EBC-BF17-1E920D9DE49D}
		{3863872C-173B-4FF7-9719-B685CC628FF4} = {49617C8A-8323-42EE-9613-4B609DF448E9}
		{B50C6B02-CDB0-49F4-B558-19642CD7042B} = {49617C8A-8323-42EE-9613-4B609DF448E9}
		{6B301EAF-6C96-4518-BAC5-ECD9FBD257C1} = {1554E71C-FFA1-4E76-84BF-48FC8B0712A5}
		{6E957EA0-7A57-48BC-9A62-CB2CBAD13994} = {6B301EAF-6C96-4518-BAC5-ECD9FBD257C1}
		{6238AD4F-4674-47B5-82B7-8608A6D8BEC8} = {EB50FDA9-CF98-4AD9-87D9-9F1CAE74E216}
		{9E75F140-5FDD-4BAF-9BD2-DCC696DC95B0} = {D037D48D-E16E-4D17-BDAD-30756CCBB998}
		{4B40CC1C-A1E6-4384-94B7-C5852F029E37} = {9E75F140-5FDD-4BAF-9BD2-DCC696DC95B0}
		{9F350FB9-31C4-491B-953F-B6E841E8F5A3} = {9E75F140-5FDD-4BAF-9BD2-DCC696DC95B0}
		{A6DFBF3D-0AD6-47F9-AB2E-0757E039CF09} = {CDF725EA-26C5-4ED3-9640-9F28897DBF36}
		{C170F5A0-0425-48DF-8A49-1787A0FA1F69} = {CDF725EA-26C5-4ED3-9640-9F28897DBF36}
		{F87511E4-9275-4D0D-B605-2FCD968A5B0B} = {6B301EAF-6C96-4518-BAC5-ECD9FBD257C1}
		{E68C3075-7683-49E2-A0D0-72FC283DDA11} = {C6C63C08-03D7-48DC-846C-0FF1CE1AD56A}
		{3CE7C2C5-0831-48EF-BAEB-C38274B95678} = {6B301EAF-6C96-4518-BAC5-ECD9FBD257C1}
		{F95BD8CF-787F-4814-BBDB-282F0452DA70} = {EB50FDA9-CF98-4AD9-87D9-9F1CAE74E216}
		{AB3FFFD3-BA35-4365-8651-6B4A7B2947DE} = {71CC5E22-FE23-4CF6-8CDD-6F62D84D83B1}
		{3516FABC-2653-4671-A258-4F1A80DBD6F0} = {7251A63A-B222-4331-A3A6-26417A081DA6}
		{C3A7040E-8512-4C44-8490-05E5A8FF98DE} = {7251A63A-B222-4331-A3A6-26417A081DA6}
	EndGlobalSection
	GlobalSection(ExtensibilityGlobals) = postSolution
		SolutionGuid = {57E59C06-82B0-4946-A824-18BA119F263D}
	EndGlobalSection
EndGlobal
